
Microsoft Visual Studio Solution File, Format Version 12.00
# Visual Studio Version 17
VisualStudioVersion = 17.0.31912.275
MinimumVisualStudioVersion = 10.0.40219.1
Project("{9A19103F-16F7-4668-BE54-9A1E7A4F7556}") = "DGP.Genshin", "DGP.Genshin\DGP.Genshin.csproj", "{E4FAC04F-49B9-42AA-B31E-6C7A0DBEB1FD}"
	ProjectSection(ProjectDependencies) = postProject
		{75CA6B97-2045-4CCD-8DF1-8865BC6C7ECA} = {75CA6B97-2045-4CCD-8DF1-8865BC6C7ECA}
	EndProjectSection
EndProject
Project("{9A19103F-16F7-4668-BE54-9A1E7A4F7556}") = "DGP.Snap.AutoVersion", "DGP.Snap.AutoVersion\DGP.Snap.AutoVersion.csproj", "{715290F0-82FE-414D-9024-00EDA1A8FC28}"
EndProject
Project("{9A19103F-16F7-4668-BE54-9A1E7A4F7556}") = "DGP.Genshin.Updater", "DGP.Genshin.Updater\DGP.Genshin.Updater.csproj", "{75CA6B97-2045-4CCD-8DF1-8865BC6C7ECA}"
EndProject
Project("{2150E333-8FDC-42A3-9474-1A3956D46DE8}") = "Solution Items", "Solution Items", "{9D0C80BF-87C8-42BF-8F09-BB652DDB4ABF}"
	ProjectSection(SolutionItems) = preProject
		.editorconfig = .editorconfig
	EndProjectSection
EndProject
Project("{9A19103F-16F7-4668-BE54-9A1E7A4F7556}") = "DGP.Genshin.MiHoYoAPI", "DGP.Genshin.MiHoYoAPI\DGP.Genshin.MiHoYoAPI.csproj", "{C0D8D525-7664-4075-A17A-346DBE114008}"
EndProject
Project("{9A19103F-16F7-4668-BE54-9A1E7A4F7556}") = "DGP.Genshin.YoungMoeAPI", "DGP.Genshin.YoungMoeAPI\DGP.Genshin.YoungMoeAPI.csproj", "{15CB87A6-83D4-48C8-B64F-AF9885F9C54A}"
EndProject
Project("{9A19103F-16F7-4668-BE54-9A1E7A4F7556}") = "DGP.Genshin.Common", "DGP.Genshin.Common\DGP.Genshin.Common.csproj", "{BC7B47D7-60CB-4C6F-BF6B-82AAA91FEBD5}"
EndProject
Project("{9A19103F-16F7-4668-BE54-9A1E7A4F7556}") = "DGP.Genshin.DataViewer", "DGP.Genshin.DataViewer\DGP.Genshin.DataViewer.csproj", "{BF5C9943-4E48-4680-BA17-980B7E9B99D9}"
EndProject
Project("{9A19103F-16F7-4668-BE54-9A1E7A4F7556}") = "DGP.Genshin.Mate", "DGP.Genshin.Mate\DGP.Genshin.Mate.csproj", "{FA9A4DF3-AFC3-4ABE-B8B2-5B428A0FC045}"
EndProject
Global
	GlobalSection(SolutionConfigurationPlatforms) = preSolution
		Debug|Any CPU = Debug|Any CPU
		Release|Any CPU = Release|Any CPU
	EndGlobalSection
	GlobalSection(ProjectConfigurationPlatforms) = postSolution
		{E4FAC04F-49B9-42AA-B31E-6C7A0DBEB1FD}.Debug|Any CPU.ActiveCfg = Debug|Any CPU
		{E4FAC04F-49B9-42AA-B31E-6C7A0DBEB1FD}.Debug|Any CPU.Build.0 = Debug|Any CPU
		{E4FAC04F-49B9-42AA-B31E-6C7A0DBEB1FD}.Release|Any CPU.ActiveCfg = Release|Any CPU
		{E4FAC04F-49B9-42AA-B31E-6C7A0DBEB1FD}.Release|Any CPU.Build.0 = Release|Any CPU
		{715290F0-82FE-414D-9024-00EDA1A8FC28}.Debug|Any CPU.ActiveCfg = Debug|Any CPU
		{715290F0-82FE-414D-9024-00EDA1A8FC28}.Debug|Any CPU.Build.0 = Debug|Any CPU
		{715290F0-82FE-414D-9024-00EDA1A8FC28}.Release|Any CPU.ActiveCfg = Release|Any CPU
		{715290F0-82FE-414D-9024-00EDA1A8FC28}.Release|Any CPU.Build.0 = Release|Any CPU
		{75CA6B97-2045-4CCD-8DF1-8865BC6C7ECA}.Debug|Any CPU.ActiveCfg = Debug|Any CPU
		{75CA6B97-2045-4CCD-8DF1-8865BC6C7ECA}.Debug|Any CPU.Build.0 = Debug|Any CPU
		{75CA6B97-2045-4CCD-8DF1-8865BC6C7ECA}.Release|Any CPU.ActiveCfg = Release|Any CPU
		{75CA6B97-2045-4CCD-8DF1-8865BC6C7ECA}.Release|Any CPU.Build.0 = Release|Any CPU
		{C0D8D525-7664-4075-A17A-346DBE114008}.Debug|Any CPU.ActiveCfg = Debug|Any CPU
		{C0D8D525-7664-4075-A17A-346DBE114008}.Debug|Any CPU.Build.0 = Debug|Any CPU
		{C0D8D525-7664-4075-A17A-346DBE114008}.Release|Any CPU.ActiveCfg = Release|Any CPU
		{C0D8D525-7664-4075-A17A-346DBE114008}.Release|Any CPU.Build.0 = Release|Any CPU
		{15CB87A6-83D4-48C8-B64F-AF9885F9C54A}.Debug|Any CPU.ActiveCfg = Debug|Any CPU
		{15CB87A6-83D4-48C8-B64F-AF9885F9C54A}.Debug|Any CPU.Build.0 = Debug|Any CPU
		{15CB87A6-83D4-48C8-B64F-AF9885F9C54A}.Release|Any CPU.ActiveCfg = Release|Any CPU
		{15CB87A6-83D4-48C8-B64F-AF9885F9C54A}.Release|Any CPU.Build.0 = Release|Any CPU
		{BC7B47D7-60CB-4C6F-BF6B-82AAA91FEBD5}.Debug|Any CPU.ActiveCfg = Debug|Any CPU
		{BC7B47D7-60CB-4C6F-BF6B-82AAA91FEBD5}.Debug|Any CPU.Build.0 = Debug|Any CPU
		{BC7B47D7-60CB-4C6F-BF6B-82AAA91FEBD5}.Release|Any CPU.ActiveCfg = Release|Any CPU
		{BC7B47D7-60CB-4C6F-BF6B-82AAA91FEBD5}.Release|Any CPU.Build.0 = Release|Any CPU
		{BF5C9943-4E48-4680-BA17-980B7E9B99D9}.Debug|Any CPU.ActiveCfg = Debug|Any CPU
		{BF5C9943-4E48-4680-BA17-980B7E9B99D9}.Debug|Any CPU.Build.0 = Debug|Any CPU
		{BF5C9943-4E48-4680-BA17-980B7E9B99D9}.Release|Any CPU.ActiveCfg = Release|Any CPU
		{BF5C9943-4E48-4680-BA17-980B7E9B99D9}.Release|Any CPU.Build.0 = Release|Any CPU
		{FA9A4DF3-AFC3-4ABE-B8B2-5B428A0FC045}.Debug|Any CPU.ActiveCfg = Debug|Any CPU
		{FA9A4DF3-AFC3-4ABE-B8B2-5B428A0FC045}.Debug|Any CPU.Build.0 = Debug|Any CPU
		{FA9A4DF3-AFC3-4ABE-B8B2-5B428A0FC045}.Release|Any CPU.ActiveCfg = Release|Any CPU
		{FA9A4DF3-AFC3-4ABE-B8B2-5B428A0FC045}.Release|Any CPU.Build.0 = Release|Any CPU
	EndGlobalSection
	GlobalSection(SolutionProperties) = preSolution
		HideSolutionNode = FALSE
	EndGlobalSection
	GlobalSection(ExtensibilityGlobals) = postSolution
		SolutionGuid = {818A799C-6888-4D2C-8461-99079D87C15B}
	EndGlobalSection
EndGlobal
