
Microsoft Visual Studio Solution File, Format Version 12.00
# Visual Studio Version 17
VisualStudioVersion = 17.0.31912.275
MinimumVisualStudioVersion = 10.0.40219.1
Project("{9A19103F-16F7-4668-BE54-9A1E7A4F7556}") = "DGP.Genshin", "DGP.Genshin\DGP.Genshin.csproj", "{E4FAC04F-49B9-42AA-B31E-6C7A0DBEB1FD}"
	ProjectSection(ProjectDependencies) = postProject
		{75CA6B97-2045-4CCD-8DF1-8865BC6C7ECA} = {75CA6B97-2045-4CCD-8DF1-8865BC6C7ECA}
	EndProjectSection
EndProject
Project("{9A19103F-16F7-4668-BE54-9A1E7A4F7556}") = "DGP.Snap.AutoVersion", "DGP.Snap.AutoVersion\DGP.Snap.AutoVersion.csproj", "{715290F0-82FE-414D-9024-00EDA1A8FC28}"
EndProject
Project("{9A19103F-16F7-4668-BE54-9A1E7A4F7556}") = "DGP.Genshin.Updater", "DGP.Genshin.Updater\DGP.Genshin.Updater.csproj", "{75CA6B97-2045-4CCD-8DF1-8865BC6C7ECA}"
EndProject
Project("{2150E333-8FDC-42A3-9474-1A3956D46DE8}") = "Solution Items", "Solution Items", "{9D0C80BF-87C8-42BF-8F09-BB652DDB4ABF}"
	ProjectSection(SolutionItems) = preProject
		.editorconfig = .editorconfig
	EndProjectSection
EndProject
Project("{9A19103F-16F7-4668-BE54-9A1E7A4F7556}") = "DGP.Genshin.MiHoYoAPI", "DGP.Genshin.MiHoYoAPI\DGP.Genshin.MiHoYoAPI.csproj", "{C0D8D525-7664-4075-A17A-346DBE114008}"
EndProject
Project("{9A19103F-16F7-4668-BE54-9A1E7A4F7556}") = "DGP.Genshin.Common", "DGP.Genshin.Common\DGP.Genshin.Common.csproj", "{BC7B47D7-60CB-4C6F-BF6B-82AAA91FEBD5}"
EndProject
Project("{9A19103F-16F7-4668-BE54-9A1E7A4F7556}") = "DGP.Genshin.DataViewer", "DGP.Genshin.DataViewer\DGP.Genshin.DataViewer.csproj", "{BF5C9943-4E48-4680-BA17-980B7E9B99D9}"
EndProject
Project("{9A19103F-16F7-4668-BE54-9A1E7A4F7556}") = "DGP.Genshin.Mate", "DGP.Genshin.Mate\DGP.Genshin.Mate.csproj", "{FA9A4DF3-AFC3-4ABE-B8B2-5B428A0FC045}"
EndProject
Project("{2150E333-8FDC-42A3-9474-1A3956D46DE8}") = "Plugins", "Plugins", "{402B9B12-B187-47C3-9726-34B4931E77D7}"
EndProject
Project("{9A19103F-16F7-4668-BE54-9A1E7A4F7556}") = "Microsoft.AppCenter.WindowsDesktop", "Modified\appcenter-sdk-dotnet\SDK\AppCenter\Microsoft.AppCenter.WindowsDesktop\Microsoft.AppCenter.WindowsDesktop.csproj", "{C37471DE-486F-4D80-A1A0-27BD77DF950E}"
EndProject
Project("{2150E333-8FDC-42A3-9474-1A3956D46DE8}") = "AppCenterSDK", "AppCenterSDK", "{997C8BB2-3315-4372-83CD-620F65B608B7}"
EndProject
Project("{9A19103F-16F7-4668-BE54-9A1E7A4F7556}") = "Microsoft.AppCenter.Analytics.WindowsDesktop", "Modified\appcenter-sdk-dotnet\SDK\AppCenterAnalytics\Microsoft.AppCenter.Analytics.WindowsDesktop\Microsoft.AppCenter.Analytics.WindowsDesktop.csproj", "{46B38968-0B9D-4E08-8228-FE9F8390ACF6}"
EndProject
Project("{9A19103F-16F7-4668-BE54-9A1E7A4F7556}") = "Microsoft.AppCenter.Crashes.WindowsDesktop", "Modified\appcenter-sdk-dotnet\SDK\AppCenterCrashes\Microsoft.AppCenter.Crashes.WindowsDesktop\Microsoft.AppCenter.Crashes.WindowsDesktop.csproj", "{860C4D7A-7EFF-415D-BC84-341FC69C2B58}"
EndProject
Project("{9A19103F-16F7-4668-BE54-9A1E7A4F7556}") = "DGP.Genshin.Sample.Plugin", "Plugins\DGP.Genshin.Sample.Plugin\DGP.Genshin.Sample.Plugin.csproj", "{3E2783D3-2802-4051-A711-A6593AF2AAD3}"
EndProject
Project("{D954291E-2A0B-460D-934E-DC6B0785DB48}") = "Microsoft.AppCenter.Crashes.Shared", "Modified\appcenter-sdk-dotnet\SDK\AppCenterCrashes\Microsoft.AppCenter.Crashes.Shared\Microsoft.AppCenter.Crashes.Shared.shproj", "{DB5A0B7D-8090-4A0C-97C7-CDF17AACAAF2}"
EndProject
Global
	GlobalSection(SharedMSBuildProjectFiles) = preSolution
		Modified\appcenter-sdk-dotnet\SDK\AppCenterAnalytics\Microsoft.AppCenter.Analytics.Windows.Shared\Microsoft.AppCenter.Analytics.Windows.Shared.projitems*{46b38968-0b9d-4e08-8228-fe9f8390acf6}*SharedItemsImports = 5
		Modified\appcenter-sdk-dotnet\SDK\AppCenterCrashes\Microsoft.AppCenter.Crashes.Shared\Microsoft.AppCenter.Crashes.Shared.projitems*{860c4d7a-7eff-415d-bc84-341fc69c2b58}*SharedItemsImports = 5
		Modified\appcenter-sdk-dotnet\SDK\AppCenterCrashes\Microsoft.AppCenter.Crashes.Windows.Shared\Microsoft.AppCenter.Crashes.Windows.Shared.projitems*{860c4d7a-7eff-415d-bc84-341fc69c2b58}*SharedItemsImports = 5
		Modified\appcenter-sdk-dotnet\SDK\AppCenter\Microsoft.AppCenter.Shared\Microsoft.AppCenter.Shared.projitems*{c37471de-486f-4d80-a1a0-27bd77df950e}*SharedItemsImports = 5
		Modified\appcenter-sdk-dotnet\SDK\AppCenter\Microsoft.AppCenter.Windows.Shared\Microsoft.AppCenter.Windows.Shared.projitems*{c37471de-486f-4d80-a1a0-27bd77df950e}*SharedItemsImports = 5
		Modified\appcenter-sdk-dotnet\SDK\AppCenterCrashes\Microsoft.AppCenter.Crashes.Shared\Microsoft.AppCenter.Crashes.Shared.projitems*{db5a0b7d-8090-4a0c-97c7-cdf17aacaaf2}*SharedItemsImports = 13
	EndGlobalSection
	GlobalSection(SolutionConfigurationPlatforms) = preSolution
		Debug|Any CPU = Debug|Any CPU
		Release|Any CPU = Release|Any CPU
	EndGlobalSection
	GlobalSection(ProjectConfigurationPlatforms) = postSolution
		{E4FAC04F-49B9-42AA-B31E-6C7A0DBEB1FD}.Debug|Any CPU.ActiveCfg = Debug|Any CPU
		{E4FAC04F-49B9-42AA-B31E-6C7A0DBEB1FD}.Debug|Any CPU.Build.0 = Debug|Any CPU
		{E4FAC04F-49B9-42AA-B31E-6C7A0DBEB1FD}.Release|Any CPU.ActiveCfg = Release|Any CPU
		{E4FAC04F-49B9-42AA-B31E-6C7A0DBEB1FD}.Release|Any CPU.Build.0 = Release|Any CPU
		{715290F0-82FE-414D-9024-00EDA1A8FC28}.Debug|Any CPU.ActiveCfg = Debug|Any CPU
		{715290F0-82FE-414D-9024-00EDA1A8FC28}.Debug|Any CPU.Build.0 = Debug|Any CPU
		{715290F0-82FE-414D-9024-00EDA1A8FC28}.Release|Any CPU.ActiveCfg = Release|Any CPU
		{715290F0-82FE-414D-9024-00EDA1A8FC28}.Release|Any CPU.Build.0 = Release|Any CPU
		{75CA6B97-2045-4CCD-8DF1-8865BC6C7ECA}.Debug|Any CPU.ActiveCfg = Debug|Any CPU
		{75CA6B97-2045-4CCD-8DF1-8865BC6C7ECA}.Debug|Any CPU.Build.0 = Debug|Any CPU
		{75CA6B97-2045-4CCD-8DF1-8865BC6C7ECA}.Release|Any CPU.ActiveCfg = Release|Any CPU
		{75CA6B97-2045-4CCD-8DF1-8865BC6C7ECA}.Release|Any CPU.Build.0 = Release|Any CPU
		{C0D8D525-7664-4075-A17A-346DBE114008}.Debug|Any CPU.ActiveCfg = Debug|Any CPU
		{C0D8D525-7664-4075-A17A-346DBE114008}.Debug|Any CPU.Build.0 = Debug|Any CPU
		{C0D8D525-7664-4075-A17A-346DBE114008}.Release|Any CPU.ActiveCfg = Release|Any CPU
		{C0D8D525-7664-4075-A17A-346DBE114008}.Release|Any CPU.Build.0 = Release|Any CPU
		{BC7B47D7-60CB-4C6F-BF6B-82AAA91FEBD5}.Debug|Any CPU.ActiveCfg = Debug|Any CPU
		{BC7B47D7-60CB-4C6F-BF6B-82AAA91FEBD5}.Debug|Any CPU.Build.0 = Debug|Any CPU
		{BC7B47D7-60CB-4C6F-BF6B-82AAA91FEBD5}.Release|Any CPU.ActiveCfg = Release|Any CPU
		{BC7B47D7-60CB-4C6F-BF6B-82AAA91FEBD5}.Release|Any CPU.Build.0 = Release|Any CPU
		{BF5C9943-4E48-4680-BA17-980B7E9B99D9}.Debug|Any CPU.ActiveCfg = Debug|Any CPU
		{BF5C9943-4E48-4680-BA17-980B7E9B99D9}.Debug|Any CPU.Build.0 = Debug|Any CPU
		{BF5C9943-4E48-4680-BA17-980B7E9B99D9}.Release|Any CPU.ActiveCfg = Release|Any CPU
		{BF5C9943-4E48-4680-BA17-980B7E9B99D9}.Release|Any CPU.Build.0 = Release|Any CPU
		{FA9A4DF3-AFC3-4ABE-B8B2-5B428A0FC045}.Debug|Any CPU.ActiveCfg = Debug|Any CPU
		{FA9A4DF3-AFC3-4ABE-B8B2-5B428A0FC045}.Debug|Any CPU.Build.0 = Debug|Any CPU
		{FA9A4DF3-AFC3-4ABE-B8B2-5B428A0FC045}.Release|Any CPU.ActiveCfg = Release|Any CPU
		{FA9A4DF3-AFC3-4ABE-B8B2-5B428A0FC045}.Release|Any CPU.Build.0 = Release|Any CPU
		{C37471DE-486F-4D80-A1A0-27BD77DF950E}.Debug|Any CPU.ActiveCfg = Debug|Any CPU
		{C37471DE-486F-4D80-A1A0-27BD77DF950E}.Debug|Any CPU.Build.0 = Debug|Any CPU
		{C37471DE-486F-4D80-A1A0-27BD77DF950E}.Release|Any CPU.ActiveCfg = Release|Any CPU
		{C37471DE-486F-4D80-A1A0-27BD77DF950E}.Release|Any CPU.Build.0 = Release|Any CPU
		{46B38968-0B9D-4E08-8228-FE9F8390ACF6}.Debug|Any CPU.ActiveCfg = Debug|Any CPU
		{46B38968-0B9D-4E08-8228-FE9F8390ACF6}.Debug|Any CPU.Build.0 = Debug|Any CPU
		{46B38968-0B9D-4E08-8228-FE9F8390ACF6}.Release|Any CPU.ActiveCfg = Release|Any CPU
		{46B38968-0B9D-4E08-8228-FE9F8390ACF6}.Release|Any CPU.Build.0 = Release|Any CPU
		{860C4D7A-7EFF-415D-BC84-341FC69C2B58}.Debug|Any CPU.ActiveCfg = Debug|Any CPU
		{860C4D7A-7EFF-415D-BC84-341FC69C2B58}.Debug|Any CPU.Build.0 = Debug|Any CPU
		{860C4D7A-7EFF-415D-BC84-341FC69C2B58}.Release|Any CPU.ActiveCfg = Release|Any CPU
		{860C4D7A-7EFF-415D-BC84-341FC69C2B58}.Release|Any CPU.Build.0 = Release|Any CPU
		{3E2783D3-2802-4051-A711-A6593AF2AAD3}.Debug|Any CPU.ActiveCfg = Debug|Any CPU
		{3E2783D3-2802-4051-A711-A6593AF2AAD3}.Debug|Any CPU.Build.0 = Debug|Any CPU
		{3E2783D3-2802-4051-A711-A6593AF2AAD3}.Release|Any CPU.ActiveCfg = Release|Any CPU
		{3E2783D3-2802-4051-A711-A6593AF2AAD3}.Release|Any CPU.Build.0 = Release|Any CPU
	EndGlobalSection
	GlobalSection(SolutionProperties) = preSolution
		HideSolutionNode = FALSE
	EndGlobalSection
	GlobalSection(NestedProjects) = preSolution
		{C37471DE-486F-4D80-A1A0-27BD77DF950E} = {997C8BB2-3315-4372-83CD-620F65B608B7}
		{46B38968-0B9D-4E08-8228-FE9F8390ACF6} = {997C8BB2-3315-4372-83CD-620F65B608B7}
		{860C4D7A-7EFF-415D-BC84-341FC69C2B58} = {997C8BB2-3315-4372-83CD-620F65B608B7}
		{3E2783D3-2802-4051-A711-A6593AF2AAD3} = {402B9B12-B187-47C3-9726-34B4931E77D7}
		{DB5A0B7D-8090-4A0C-97C7-CDF17AACAAF2} = {997C8BB2-3315-4372-83CD-620F65B608B7}
	EndGlobalSection
	GlobalSection(ExtensibilityGlobals) = postSolution
		SolutionGuid = {818A799C-6888-4D2C-8461-99079D87C15B}
	EndGlobalSection
EndGlobal
